// !$*UTF8*$!
{
	archiveVersion = 1;
	classes = {
	};
	objectVersion = 46;
	objects = {

/* Begin PBXBuildFile section */
		8509F8DE193A53E20021EC57 /* Foundation.framework in Frameworks */ = {isa = PBXBuildFile; fileRef = 8509F8DD193A53E20021EC57 /* Foundation.framework */; };
		8509F8E0193A53E20021EC57 /* CoreGraphics.framework in Frameworks */ = {isa = PBXBuildFile; fileRef = 8509F8DF193A53E20021EC57 /* CoreGraphics.framework */; };
		8509F8E2193A53E20021EC57 /* UIKit.framework in Frameworks */ = {isa = PBXBuildFile; fileRef = 8509F8E1193A53E20021EC57 /* UIKit.framework */; };
		8509F8E8193A53E20021EC57 /* InfoPlist.strings in Resources */ = {isa = PBXBuildFile; fileRef = 8509F8E6193A53E20021EC57 /* InfoPlist.strings */; };
		8509F8EA193A53E20021EC57 /* main.m in Sources */ = {isa = PBXBuildFile; fileRef = 8509F8E9193A53E20021EC57 /* main.m */; };
		8509F8EE193A53E20021EC57 /* AppDelegate.m in Sources */ = {isa = PBXBuildFile; fileRef = 8509F8ED193A53E20021EC57 /* AppDelegate.m */; };
		8509F8F1193A53E20021EC57 /* Main.storyboard in Resources */ = {isa = PBXBuildFile; fileRef = 8509F8EF193A53E20021EC57 /* Main.storyboard */; };
		8509F8F4193A53E20021EC57 /* ViewController.m in Sources */ = {isa = PBXBuildFile; fileRef = 8509F8F3193A53E20021EC57 /* ViewController.m */; };
		8509F8F6193A53E20021EC57 /* Images.xcassets in Resources */ = {isa = PBXBuildFile; fileRef = 8509F8F5193A53E20021EC57 /* Images.xcassets */; };
		8509F8FD193A53E20021EC57 /* XCTest.framework in Frameworks */ = {isa = PBXBuildFile; fileRef = 8509F8FC193A53E20021EC57 /* XCTest.framework */; };
		8509F8FE193A53E20021EC57 /* Foundation.framework in Frameworks */ = {isa = PBXBuildFile; fileRef = 8509F8DD193A53E20021EC57 /* Foundation.framework */; };
		8509F8FF193A53E20021EC57 /* UIKit.framework in Frameworks */ = {isa = PBXBuildFile; fileRef = 8509F8E1193A53E20021EC57 /* UIKit.framework */; };
		8509F907193A53E20021EC57 /* InfoPlist.strings in Resources */ = {isa = PBXBuildFile; fileRef = 8509F905193A53E20021EC57 /* InfoPlist.strings */; };
		8509F909193A53E20021EC57 /* bwRangeTests.m in Sources */ = {isa = PBXBuildFile; fileRef = 8509F908193A53E20021EC57 /* bwRangeTests.m */; };
		8533AD41193E4C8500461C4A /* 3.5.storyboard in Resources */ = {isa = PBXBuildFile; fileRef = 8533AD3F193E4C8500461C4A /* 3.5.storyboard */; };
		85450C851952E4E900A9BB8A /* FinderMapViewController.m in Sources */ = {isa = PBXBuildFile; fileRef = 85450C841952E4E900A9BB8A /* FinderMapViewController.m */; };
		85450C871952F63500A9BB8A /* FinderTypes.plist in Resources */ = {isa = PBXBuildFile; fileRef = 85450C861952F63500A9BB8A /* FinderTypes.plist */; };
		85450C8B1952F6B500A9BB8A /* Ringtones.plist in Resources */ = {isa = PBXBuildFile; fileRef = 85450C891952F6B500A9BB8A /* Ringtones.plist */; };
		85450C8C1952F6B500A9BB8A /* DemoFinders.plist in Resources */ = {isa = PBXBuildFile; fileRef = 85450C8A1952F6B500A9BB8A /* DemoFinders.plist */; };
		85450C8F1952FCC400A9BB8A /* DataManager.m in Sources */ = {isa = PBXBuildFile; fileRef = 85450C8E1952FCC400A9BB8A /* DataManager.m */; };
		8570B5CC1946E08D00CEC06E /* CoreBluetooth.framework in Frameworks */ = {isa = PBXBuildFile; fileRef = 8570B5CB1946E08D00CEC06E /* CoreBluetooth.framework */; };
		8570B5CF1946E33F00CEC06E /* DeviceListTableViewController.m in Sources */ = {isa = PBXBuildFile; fileRef = 8570B5CE1946E33F00CEC06E /* DeviceListTableViewController.m */; };
		85804712193CF6EA004F73CB /* WelcomeViewController.m in Sources */ = {isa = PBXBuildFile; fileRef = 85804711193CF6EA004F73CB /* WelcomeViewController.m */; };
		85804715193CF752004F73CB /* Utils.m in Sources */ = {isa = PBXBuildFile; fileRef = 85804714193CF752004F73CB /* Utils.m */; };
		85CC6E1E194C7A6C00F79C10 /* BleFinder.m in Sources */ = {isa = PBXBuildFile; fileRef = 85CC6E1D194C7A6C00F79C10 /* BleFinder.m */; };
		85CC6E21194D72C900F79C10 /* BleDevice.m in Sources */ = {isa = PBXBuildFile; fileRef = 85CC6E20194D72C900F79C10 /* BleDevice.m */; };
		85D81E7C195434B20017AB00 /* FinderTypeViewController.m in Sources */ = {isa = PBXBuildFile; fileRef = 85D81E7B195434B20017AB00 /* FinderTypeViewController.m */; };
		85D81E7F195434D10017AB00 /* DistanceViewController.m in Sources */ = {isa = PBXBuildFile; fileRef = 85D81E7E195434D10017AB00 /* DistanceViewController.m */; };
		85EE291E19487BA90085A6EB /* FinderDetailViewController.m in Sources */ = {isa = PBXBuildFile; fileRef = 85EE291D19487BA90085A6EB /* FinderDetailViewController.m */; };
		85EE292119495DDD0085A6EB /* FinderListViewController.m in Sources */ = {isa = PBXBuildFile; fileRef = 85EE292019495DDD0085A6EB /* FinderListViewController.m */; };
		85EE29251949773C0085A6EB /* UIView+Toast.m in Sources */ = {isa = PBXBuildFile; fileRef = 85EE29241949773C0085A6EB /* UIView+Toast.m */; };
		85F6AAB4194B627800F0573A /* SingleSelectViewController.m in Sources */ = {isa = PBXBuildFile; fileRef = 85F6AAB3194B627800F0573A /* SingleSelectViewController.m */; };
		85F6AABA194B6F2A00F0573A /* DeviceSettingViewController.m in Sources */ = {isa = PBXBuildFile; fileRef = 85F6AAB9194B6F2A00F0573A /* DeviceSettingViewController.m */; };
		85F6AAC0194C1DBC00F0573A /* LeveyPopListView.m in Sources */ = {isa = PBXBuildFile; fileRef = 85F6AABD194C1DBC00F0573A /* LeveyPopListView.m */; };
		85F6AAC1194C1DBC00F0573A /* LeveyPopListViewCell.m in Sources */ = {isa = PBXBuildFile; fileRef = 85F6AABF194C1DBC00F0573A /* LeveyPopListViewCell.m */; };
/* End PBXBuildFile section */

/* Begin PBXContainerItemProxy section */
		8509F900193A53E20021EC57 /* PBXContainerItemProxy */ = {
			isa = PBXContainerItemProxy;
			containerPortal = 8509F8D2193A53E20021EC57 /* Project object */;
			proxyType = 1;
			remoteGlobalIDString = 8509F8D9193A53E20021EC57;
			remoteInfo = bwRange;
		};
/* End PBXContainerItemProxy section */

/* Begin PBXFileReference section */
		8509F8DA193A53E20021EC57 /* bwRange.app */ = {isa = PBXFileReference; explicitFileType = wrapper.application; includeInIndex = 0; path = bwRange.app; sourceTree = BUILT_PRODUCTS_DIR; };
		8509F8DD193A53E20021EC57 /* Foundation.framework */ = {isa = PBXFileReference; lastKnownFileType = wrapper.framework; name = Foundation.framework; path = System/Library/Frameworks/Foundation.framework; sourceTree = SDKROOT; };
		8509F8DF193A53E20021EC57 /* CoreGraphics.framework */ = {isa = PBXFileReference; lastKnownFileType = wrapper.framework; name = CoreGraphics.framework; path = System/Library/Frameworks/CoreGraphics.framework; sourceTree = SDKROOT; };
		8509F8E1193A53E20021EC57 /* UIKit.framework */ = {isa = PBXFileReference; lastKnownFileType = wrapper.framework; name = UIKit.framework; path = System/Library/Frameworks/UIKit.framework; sourceTree = SDKROOT; };
		8509F8E5193A53E20021EC57 /* bwRange-Info.plist */ = {isa = PBXFileReference; lastKnownFileType = text.plist.xml; path = "bwRange-Info.plist"; sourceTree = "<group>"; };
		8509F8E7193A53E20021EC57 /* en */ = {isa = PBXFileReference; lastKnownFileType = text.plist.strings; name = en; path = en.lproj/InfoPlist.strings; sourceTree = "<group>"; };
		8509F8E9193A53E20021EC57 /* main.m */ = {isa = PBXFileReference; lastKnownFileType = sourcecode.c.objc; path = main.m; sourceTree = "<group>"; };
		8509F8EB193A53E20021EC57 /* bwRange-Prefix.pch */ = {isa = PBXFileReference; lastKnownFileType = sourcecode.c.h; path = "bwRange-Prefix.pch"; sourceTree = "<group>"; };
		8509F8EC193A53E20021EC57 /* AppDelegate.h */ = {isa = PBXFileReference; lastKnownFileType = sourcecode.c.h; path = AppDelegate.h; sourceTree = "<group>"; };
		8509F8ED193A53E20021EC57 /* AppDelegate.m */ = {isa = PBXFileReference; lastKnownFileType = sourcecode.c.objc; path = AppDelegate.m; sourceTree = "<group>"; };
		8509F8F0193A53E20021EC57 /* Base */ = {isa = PBXFileReference; lastKnownFileType = file.storyboard; name = Base; path = Base.lproj/Main.storyboard; sourceTree = "<group>"; };
		8509F8F2193A53E20021EC57 /* ViewController.h */ = {isa = PBXFileReference; lastKnownFileType = sourcecode.c.h; path = ViewController.h; sourceTree = "<group>"; };
		8509F8F3193A53E20021EC57 /* ViewController.m */ = {isa = PBXFileReference; lastKnownFileType = sourcecode.c.objc; path = ViewController.m; sourceTree = "<group>"; };
		8509F8F5193A53E20021EC57 /* Images.xcassets */ = {isa = PBXFileReference; lastKnownFileType = folder.assetcatalog; path = Images.xcassets; sourceTree = "<group>"; };
		8509F8FB193A53E20021EC57 /* bwRangeTests.xctest */ = {isa = PBXFileReference; explicitFileType = wrapper.cfbundle; includeInIndex = 0; path = bwRangeTests.xctest; sourceTree = BUILT_PRODUCTS_DIR; };
		8509F8FC193A53E20021EC57 /* XCTest.framework */ = {isa = PBXFileReference; lastKnownFileType = wrapper.framework; name = XCTest.framework; path = Library/Frameworks/XCTest.framework; sourceTree = DEVELOPER_DIR; };
		8509F904193A53E20021EC57 /* bwRangeTests-Info.plist */ = {isa = PBXFileReference; lastKnownFileType = text.plist.xml; path = "bwRangeTests-Info.plist"; sourceTree = "<group>"; };
		8509F906193A53E20021EC57 /* en */ = {isa = PBXFileReference; lastKnownFileType = text.plist.strings; name = en; path = en.lproj/InfoPlist.strings; sourceTree = "<group>"; };
		8509F908193A53E20021EC57 /* bwRangeTests.m */ = {isa = PBXFileReference; lastKnownFileType = sourcecode.c.objc; path = bwRangeTests.m; sourceTree = "<group>"; };
		8533AD40193E4C8500461C4A /* Base */ = {isa = PBXFileReference; lastKnownFileType = file.storyboard; name = Base; path = Base.lproj/3.5.storyboard; sourceTree = "<group>"; };
		85450C831952E4E900A9BB8A /* FinderMapViewController.h */ = {isa = PBXFileReference; fileEncoding = 4; lastKnownFileType = sourcecode.c.h; name = FinderMapViewController.h; path = Sources/FinderMapViewController.h; sourceTree = "<group>"; };
		85450C841952E4E900A9BB8A /* FinderMapViewController.m */ = {isa = PBXFileReference; fileEncoding = 4; lastKnownFileType = sourcecode.c.objc; name = FinderMapViewController.m; path = Sources/FinderMapViewController.m; sourceTree = "<group>"; };
		85450C861952F63500A9BB8A /* FinderTypes.plist */ = {isa = PBXFileReference; fileEncoding = 4; lastKnownFileType = text.plist.xml; name = FinderTypes.plist; path = plist/FinderTypes.plist; sourceTree = "<group>"; };
		85450C891952F6B500A9BB8A /* Ringtones.plist */ = {isa = PBXFileReference; fileEncoding = 4; lastKnownFileType = text.plist.xml; name = Ringtones.plist; path = plist/Ringtones.plist; sourceTree = "<group>"; };
		85450C8A1952F6B500A9BB8A /* DemoFinders.plist */ = {isa = PBXFileReference; fileEncoding = 4; lastKnownFileType = text.plist.xml; name = DemoFinders.plist; path = plist/DemoFinders.plist; sourceTree = "<group>"; };
		85450C8D1952FCC400A9BB8A /* DataManager.h */ = {isa = PBXFileReference; fileEncoding = 4; lastKnownFileType = sourcecode.c.h; name = DataManager.h; path = Sources/DataManager.h; sourceTree = "<group>"; };
		85450C8E1952FCC400A9BB8A /* DataManager.m */ = {isa = PBXFileReference; fileEncoding = 4; lastKnownFileType = sourcecode.c.objc; name = DataManager.m; path = Sources/DataManager.m; sourceTree = "<group>"; };
		8570B5CB1946E08D00CEC06E /* CoreBluetooth.framework */ = {isa = PBXFileReference; lastKnownFileType = wrapper.framework; name = CoreBluetooth.framework; path = System/Library/Frameworks/CoreBluetooth.framework; sourceTree = SDKROOT; };
		8570B5CD1946E33F00CEC06E /* DeviceListTableViewController.h */ = {isa = PBXFileReference; fileEncoding = 4; lastKnownFileType = sourcecode.c.h; name = DeviceListTableViewController.h; path = Sources/DeviceListTableViewController.h; sourceTree = "<group>"; };
		8570B5CE1946E33F00CEC06E /* DeviceListTableViewController.m */ = {isa = PBXFileReference; fileEncoding = 4; lastKnownFileType = sourcecode.c.objc; name = DeviceListTableViewController.m; path = Sources/DeviceListTableViewController.m; sourceTree = "<group>"; };
		85804710193CF6EA004F73CB /* WelcomeViewController.h */ = {isa = PBXFileReference; fileEncoding = 4; lastKnownFileType = sourcecode.c.h; name = WelcomeViewController.h; path = Sources/WelcomeViewController.h; sourceTree = "<group>"; };
		85804711193CF6EA004F73CB /* WelcomeViewController.m */ = {isa = PBXFileReference; fileEncoding = 4; lastKnownFileType = sourcecode.c.objc; name = WelcomeViewController.m; path = Sources/WelcomeViewController.m; sourceTree = "<group>"; };
		85804713193CF752004F73CB /* Utils.h */ = {isa = PBXFileReference; fileEncoding = 4; lastKnownFileType = sourcecode.c.h; name = Utils.h; path = Sources/Utils.h; sourceTree = "<group>"; };
		85804714193CF752004F73CB /* Utils.m */ = {isa = PBXFileReference; fileEncoding = 4; lastKnownFileType = sourcecode.c.objc; name = Utils.m; path = Sources/Utils.m; sourceTree = "<group>"; };
		85804716193CFCA2004F73CB /* AppDefine.h */ = {isa = PBXFileReference; lastKnownFileType = sourcecode.c.h; name = AppDefine.h; path = Sources/AppDefine.h; sourceTree = "<group>"; };
		85804718193DB427004F73CB /* Common.h */ = {isa = PBXFileReference; lastKnownFileType = sourcecode.c.h; path = Common.h; sourceTree = "<group>"; };
		85CC6E1C194C7A6C00F79C10 /* BleFinder.h */ = {isa = PBXFileReference; fileEncoding = 4; lastKnownFileType = sourcecode.c.h; name = BleFinder.h; path = Sources/BleFinder.h; sourceTree = "<group>"; };
		85CC6E1D194C7A6C00F79C10 /* BleFinder.m */ = {isa = PBXFileReference; fileEncoding = 4; lastKnownFileType = sourcecode.c.objc; name = BleFinder.m; path = Sources/BleFinder.m; sourceTree = "<group>"; };
		85CC6E1F194D72C900F79C10 /* BleDevice.h */ = {isa = PBXFileReference; fileEncoding = 4; lastKnownFileType = sourcecode.c.h; name = BleDevice.h; path = Sources/BleDevice.h; sourceTree = "<group>"; };
		85CC6E20194D72C900F79C10 /* BleDevice.m */ = {isa = PBXFileReference; fileEncoding = 4; lastKnownFileType = sourcecode.c.objc; name = BleDevice.m; path = Sources/BleDevice.m; sourceTree = "<group>"; };
		85D81E7A195434B20017AB00 /* FinderTypeViewController.h */ = {isa = PBXFileReference; fileEncoding = 4; lastKnownFileType = sourcecode.c.h; name = FinderTypeViewController.h; path = Sources/FinderTypeViewController.h; sourceTree = "<group>"; };
		85D81E7B195434B20017AB00 /* FinderTypeViewController.m */ = {isa = PBXFileReference; fileEncoding = 4; lastKnownFileType = sourcecode.c.objc; name = FinderTypeViewController.m; path = Sources/FinderTypeViewController.m; sourceTree = "<group>"; };
		85D81E7D195434D10017AB00 /* DistanceViewController.h */ = {isa = PBXFileReference; fileEncoding = 4; lastKnownFileType = sourcecode.c.h; name = DistanceViewController.h; path = Sources/DistanceViewController.h; sourceTree = "<group>"; };
		85D81E7E195434D10017AB00 /* DistanceViewController.m */ = {isa = PBXFileReference; fileEncoding = 4; lastKnownFileType = sourcecode.c.objc; name = DistanceViewController.m; path = Sources/DistanceViewController.m; sourceTree = "<group>"; };
		85EE291C19487BA90085A6EB /* FinderDetailViewController.h */ = {isa = PBXFileReference; fileEncoding = 4; lastKnownFileType = sourcecode.c.h; name = FinderDetailViewController.h; path = Sources/FinderDetailViewController.h; sourceTree = "<group>"; };
		85EE291D19487BA90085A6EB /* FinderDetailViewController.m */ = {isa = PBXFileReference; fileEncoding = 4; lastKnownFileType = sourcecode.c.objc; name = FinderDetailViewController.m; path = Sources/FinderDetailViewController.m; sourceTree = "<group>"; };
		85EE291F19495DDD0085A6EB /* FinderListViewController.h */ = {isa = PBXFileReference; fileEncoding = 4; lastKnownFileType = sourcecode.c.h; name = FinderListViewController.h; path = Sources/FinderListViewController.h; sourceTree = "<group>"; };
		85EE292019495DDD0085A6EB /* FinderListViewController.m */ = {isa = PBXFileReference; fileEncoding = 4; lastKnownFileType = sourcecode.c.objc; name = FinderListViewController.m; path = Sources/FinderListViewController.m; sourceTree = "<group>"; };
		85EE29231949773C0085A6EB /* UIView+Toast.h */ = {isa = PBXFileReference; fileEncoding = 4; lastKnownFileType = sourcecode.c.h; path = "UIView+Toast.h"; sourceTree = "<group>"; };
		85EE29241949773C0085A6EB /* UIView+Toast.m */ = {isa = PBXFileReference; fileEncoding = 4; lastKnownFileType = sourcecode.c.objc; path = "UIView+Toast.m"; sourceTree = "<group>"; };
		85F6AAB2194B627800F0573A /* SingleSelectViewController.h */ = {isa = PBXFileReference; fileEncoding = 4; lastKnownFileType = sourcecode.c.h; name = SingleSelectViewController.h; path = Sources/SingleSelectViewController.h; sourceTree = "<group>"; };
		85F6AAB3194B627800F0573A /* SingleSelectViewController.m */ = {isa = PBXFileReference; fileEncoding = 4; lastKnownFileType = sourcecode.c.objc; name = SingleSelectViewController.m; path = Sources/SingleSelectViewController.m; sourceTree = "<group>"; };
		85F6AAB8194B6F2A00F0573A /* DeviceSettingViewController.h */ = {isa = PBXFileReference; fileEncoding = 4; lastKnownFileType = sourcecode.c.h; name = DeviceSettingViewController.h; path = Sources/DeviceSettingViewController.h; sourceTree = "<group>"; };
		85F6AAB9194B6F2A00F0573A /* DeviceSettingViewController.m */ = {isa = PBXFileReference; fileEncoding = 4; lastKnownFileType = sourcecode.c.objc; name = DeviceSettingViewController.m; path = Sources/DeviceSettingViewController.m; sourceTree = "<group>"; };
		85F6AABC194C1DBC00F0573A /* LeveyPopListView.h */ = {isa = PBXFileReference; fileEncoding = 4; lastKnownFileType = sourcecode.c.h; path = LeveyPopListView.h; sourceTree = "<group>"; };
		85F6AABD194C1DBC00F0573A /* LeveyPopListView.m */ = {isa = PBXFileReference; fileEncoding = 4; lastKnownFileType = sourcecode.c.objc; path = LeveyPopListView.m; sourceTree = "<group>"; };
		85F6AABE194C1DBC00F0573A /* LeveyPopListViewCell.h */ = {isa = PBXFileReference; fileEncoding = 4; lastKnownFileType = sourcecode.c.h; path = LeveyPopListViewCell.h; sourceTree = "<group>"; };
		85F6AABF194C1DBC00F0573A /* LeveyPopListViewCell.m */ = {isa = PBXFileReference; fileEncoding = 4; lastKnownFileType = sourcecode.c.objc; path = LeveyPopListViewCell.m; sourceTree = "<group>"; };
/* End PBXFileReference section */

/* Begin PBXFrameworksBuildPhase section */
		8509F8D7193A53E20021EC57 /* Frameworks */ = {
			isa = PBXFrameworksBuildPhase;
			buildActionMask = 2147483647;
			files = (
				8570B5CC1946E08D00CEC06E /* CoreBluetooth.framework in Frameworks */,
				8509F8E0193A53E20021EC57 /* CoreGraphics.framework in Frameworks */,
				8509F8E2193A53E20021EC57 /* UIKit.framework in Frameworks */,
				8509F8DE193A53E20021EC57 /* Foundation.framework in Frameworks */,
			);
			runOnlyForDeploymentPostprocessing = 0;
		};
		8509F8F8193A53E20021EC57 /* Frameworks */ = {
			isa = PBXFrameworksBuildPhase;
			buildActionMask = 2147483647;
			files = (
				8509F8FD193A53E20021EC57 /* XCTest.framework in Frameworks */,
				8509F8FF193A53E20021EC57 /* UIKit.framework in Frameworks */,
				8509F8FE193A53E20021EC57 /* Foundation.framework in Frameworks */,
			);
			runOnlyForDeploymentPostprocessing = 0;
		};
/* End PBXFrameworksBuildPhase section */

/* Begin PBXGroup section */
		8509F8D1193A53E20021EC57 = {
			isa = PBXGroup;
			children = (
				8509F8E3193A53E20021EC57 /* bwRange */,
				8509F902193A53E20021EC57 /* bwRangeTests */,
				8509F8DC193A53E20021EC57 /* Frameworks */,
				8509F8DB193A53E20021EC57 /* Products */,
			);
			sourceTree = "<group>";
		};
		8509F8DB193A53E20021EC57 /* Products */ = {
			isa = PBXGroup;
			children = (
				8509F8DA193A53E20021EC57 /* bwRange.app */,
				8509F8FB193A53E20021EC57 /* bwRangeTests.xctest */,
			);
			name = Products;
			sourceTree = "<group>";
		};
		8509F8DC193A53E20021EC57 /* Frameworks */ = {
			isa = PBXGroup;
			children = (
				8570B5CB1946E08D00CEC06E /* CoreBluetooth.framework */,
				8509F8DD193A53E20021EC57 /* Foundation.framework */,
				8509F8DF193A53E20021EC57 /* CoreGraphics.framework */,
				8509F8E1193A53E20021EC57 /* UIKit.framework */,
				8509F8FC193A53E20021EC57 /* XCTest.framework */,
			);
			name = Frameworks;
			sourceTree = "<group>";
		};
		8509F8E3193A53E20021EC57 /* bwRange */ = {
			isa = PBXGroup;
			children = (
				85450C881952F64C00A9BB8A /* plist */,
				85EE2929194979640085A6EB /* Resources */,
				85EE2926194979340085A6EB /* 3rd */,
				8533AD3F193E4C8500461C4A /* 3.5.storyboard */,
				8509F8EC193A53E20021EC57 /* AppDelegate.h */,
				8509F8ED193A53E20021EC57 /* AppDelegate.m */,
				8509F8EF193A53E20021EC57 /* Main.storyboard */,
				8509F8F2193A53E20021EC57 /* ViewController.h */,
				8509F8F3193A53E20021EC57 /* ViewController.m */,
				8509F8F5193A53E20021EC57 /* Images.xcassets */,
				8509F8E4193A53E20021EC57 /* Supporting Files */,
				85804710193CF6EA004F73CB /* WelcomeViewController.h */,
				85804711193CF6EA004F73CB /* WelcomeViewController.m */,
				85804713193CF752004F73CB /* Utils.h */,
				85804714193CF752004F73CB /* Utils.m */,
				85804716193CFCA2004F73CB /* AppDefine.h */,
				85804718193DB427004F73CB /* Common.h */,
				8570B5CD1946E33F00CEC06E /* DeviceListTableViewController.h */,
				8570B5CE1946E33F00CEC06E /* DeviceListTableViewController.m */,
				85EE291C19487BA90085A6EB /* FinderDetailViewController.h */,
				85EE291D19487BA90085A6EB /* FinderDetailViewController.m */,
				85EE291F19495DDD0085A6EB /* FinderListViewController.h */,
				85EE292019495DDD0085A6EB /* FinderListViewController.m */,
				85F6AAB2194B627800F0573A /* SingleSelectViewController.h */,
				85F6AAB3194B627800F0573A /* SingleSelectViewController.m */,
				85F6AAB8194B6F2A00F0573A /* DeviceSettingViewController.h */,
				85F6AAB9194B6F2A00F0573A /* DeviceSettingViewController.m */,
				85CC6E1C194C7A6C00F79C10 /* BleFinder.h */,
				85CC6E1D194C7A6C00F79C10 /* BleFinder.m */,
				85CC6E1F194D72C900F79C10 /* BleDevice.h */,
				85CC6E20194D72C900F79C10 /* BleDevice.m */,
				85450C831952E4E900A9BB8A /* FinderMapViewController.h */,
				85450C841952E4E900A9BB8A /* FinderMapViewController.m */,
				85450C8D1952FCC400A9BB8A /* DataManager.h */,
				85450C8E1952FCC400A9BB8A /* DataManager.m */,
				85D81E7A195434B20017AB00 /* FinderTypeViewController.h */,
				85D81E7B195434B20017AB00 /* FinderTypeViewController.m */,
				85D81E7D195434D10017AB00 /* DistanceViewController.h */,
				85D81E7E195434D10017AB00 /* DistanceViewController.m */,
			);
			path = bwRange;
			sourceTree = "<group>";
		};
		8509F8E4193A53E20021EC57 /* Supporting Files */ = {
			isa = PBXGroup;
			children = (
				8509F8E5193A53E20021EC57 /* bwRange-Info.plist */,
				8509F8E6193A53E20021EC57 /* InfoPlist.strings */,
				8509F8E9193A53E20021EC57 /* main.m */,
				8509F8EB193A53E20021EC57 /* bwRange-Prefix.pch */,
			);
			name = "Supporting Files";
			sourceTree = "<group>";
		};
		8509F902193A53E20021EC57 /* bwRangeTests */ = {
			isa = PBXGroup;
			children = (
				8509F908193A53E20021EC57 /* bwRangeTests.m */,
				8509F903193A53E20021EC57 /* Supporting Files */,
			);
			path = bwRangeTests;
			sourceTree = "<group>";
		};
		8509F903193A53E20021EC57 /* Supporting Files */ = {
			isa = PBXGroup;
			children = (
				8509F904193A53E20021EC57 /* bwRangeTests-Info.plist */,
				8509F905193A53E20021EC57 /* InfoPlist.strings */,
			);
			name = "Supporting Files";
			sourceTree = "<group>";
		};
		85450C881952F64C00A9BB8A /* plist */ = {
			isa = PBXGroup;
			children = (
				85450C891952F6B500A9BB8A /* Ringtones.plist */,
				85450C8A1952F6B500A9BB8A /* DemoFinders.plist */,
				85450C861952F63500A9BB8A /* FinderTypes.plist */,
			);
			name = plist;
			sourceTree = "<group>";
		};
		85EE29221949773C0085A6EB /* Toast */ = {
			isa = PBXGroup;
			children = (
				85EE29231949773C0085A6EB /* UIView+Toast.h */,
				85EE29241949773C0085A6EB /* UIView+Toast.m */,
			);
			name = Toast;
			path = 3rd/Toast;
			sourceTree = "<group>";
		};
		85EE2926194979340085A6EB /* 3rd */ = {
			isa = PBXGroup;
			children = (
				85F6AABB194C1DBC00F0573A /* LeveyPopListView */,
				85EE29221949773C0085A6EB /* Toast */,
			);
			name = 3rd;
			sourceTree = "<group>";
		};
		85EE2929194979640085A6EB /* Resources */ = {
			isa = PBXGroup;
			children = (
			);
			path = Resources;
			sourceTree = "<group>";
		};
		85F6AABB194C1DBC00F0573A /* LeveyPopListView */ = {
			isa = PBXGroup;
			children = (
				85F6AABC194C1DBC00F0573A /* LeveyPopListView.h */,
				85F6AABD194C1DBC00F0573A /* LeveyPopListView.m */,
				85F6AABE194C1DBC00F0573A /* LeveyPopListViewCell.h */,
				85F6AABF194C1DBC00F0573A /* LeveyPopListViewCell.m */,
			);
			name = LeveyPopListView;
			path = 3rd/LeveyPopListView;
			sourceTree = "<group>";
		};
/* End PBXGroup section */

/* Begin PBXNativeTarget section */
		8509F8D9193A53E20021EC57 /* bwRange */ = {
			isa = PBXNativeTarget;
			buildConfigurationList = 8509F90C193A53E20021EC57 /* Build configuration list for PBXNativeTarget "bwRange" */;
			buildPhases = (
				8509F8D6193A53E20021EC57 /* Sources */,
				8509F8D7193A53E20021EC57 /* Frameworks */,
				8509F8D8193A53E20021EC57 /* Resources */,
			);
			buildRules = (
			);
			dependencies = (
			);
			name = bwRange;
			productName = bwRange;
			productReference = 8509F8DA193A53E20021EC57 /* bwRange.app */;
			productType = "com.apple.product-type.application";
		};
		8509F8FA193A53E20021EC57 /* bwRangeTests */ = {
			isa = PBXNativeTarget;
			buildConfigurationList = 8509F90F193A53E20021EC57 /* Build configuration list for PBXNativeTarget "bwRangeTests" */;
			buildPhases = (
				8509F8F7193A53E20021EC57 /* Sources */,
				8509F8F8193A53E20021EC57 /* Frameworks */,
				8509F8F9193A53E20021EC57 /* Resources */,
			);
			buildRules = (
			);
			dependencies = (
				8509F901193A53E20021EC57 /* PBXTargetDependency */,
			);
			name = bwRangeTests;
			productName = bwRangeTests;
			productReference = 8509F8FB193A53E20021EC57 /* bwRangeTests.xctest */;
			productType = "com.apple.product-type.bundle.unit-test";
		};
/* End PBXNativeTarget section */

/* Begin PBXProject section */
		8509F8D2193A53E20021EC57 /* Project object */ = {
			isa = PBXProject;
			attributes = {
				LastUpgradeCheck = 0510;
				ORGANIZATIONNAME = " Andrew Huang";
				TargetAttributes = {
					8509F8D9193A53E20021EC57 = {
						DevelopmentTeam = S85DP6P2DG;
					};
					8509F8FA193A53E20021EC57 = {
						TestTargetID = 8509F8D9193A53E20021EC57;
					};
				};
			};
			buildConfigurationList = 8509F8D5193A53E20021EC57 /* Build configuration list for PBXProject "bwRange" */;
			compatibilityVersion = "Xcode 3.2";
			developmentRegion = English;
			hasScannedForEncodings = 0;
			knownRegions = (
				en,
				Base,
				"zh-Hans",
			);
			mainGroup = 8509F8D1193A53E20021EC57;
			productRefGroup = 8509F8DB193A53E20021EC57 /* Products */;
			projectDirPath = "";
			projectRoot = "";
			targets = (
				8509F8D9193A53E20021EC57 /* bwRange */,
				8509F8FA193A53E20021EC57 /* bwRangeTests */,
			);
		};
/* End PBXProject section */

/* Begin PBXResourcesBuildPhase section */
		8509F8D8193A53E20021EC57 /* Resources */ = {
			isa = PBXResourcesBuildPhase;
			buildActionMask = 2147483647;
			files = (
				8509F8F6193A53E20021EC57 /* Images.xcassets in Resources */,
				85450C8B1952F6B500A9BB8A /* Ringtones.plist in Resources */,
				85450C871952F63500A9BB8A /* FinderTypes.plist in Resources */,
				8509F8E8193A53E20021EC57 /* InfoPlist.strings in Resources */,
				8509F8F1193A53E20021EC57 /* Main.storyboard in Resources */,
				8533AD41193E4C8500461C4A /* 3.5.storyboard in Resources */,
				85450C8C1952F6B500A9BB8A /* DemoFinders.plist in Resources */,
			);
			runOnlyForDeploymentPostprocessing = 0;
		};
		8509F8F9193A53E20021EC57 /* Resources */ = {
			isa = PBXResourcesBuildPhase;
			buildActionMask = 2147483647;
			files = (
				8509F907193A53E20021EC57 /* InfoPlist.strings in Resources */,
			);
			runOnlyForDeploymentPostprocessing = 0;
		};
/* End PBXResourcesBuildPhase section */

/* Begin PBXSourcesBuildPhase section */
		8509F8D6193A53E20021EC57 /* Sources */ = {
			isa = PBXSourcesBuildPhase;
			buildActionMask = 2147483647;
			files = (
				85EE29251949773C0085A6EB /* UIView+Toast.m in Sources */,
				85EE292119495DDD0085A6EB /* FinderListViewController.m in Sources */,
				85D81E7F195434D10017AB00 /* DistanceViewController.m in Sources */,
				85F6AABA194B6F2A00F0573A /* DeviceSettingViewController.m in Sources */,
				85EE291E19487BA90085A6EB /* FinderDetailViewController.m in Sources */,
				85450C8F1952FCC400A9BB8A /* DataManager.m in Sources */,
				8509F8F4193A53E20021EC57 /* ViewController.m in Sources */,
				85CC6E1E194C7A6C00F79C10 /* BleFinder.m in Sources */,
				85F6AAC1194C1DBC00F0573A /* LeveyPopListViewCell.m in Sources */,
				85D81E7C195434B20017AB00 /* FinderTypeViewController.m in Sources */,
				8570B5CF1946E33F00CEC06E /* DeviceListTableViewController.m in Sources */,
				85804712193CF6EA004F73CB /* WelcomeViewController.m in Sources */,
				85450C851952E4E900A9BB8A /* FinderMapViewController.m in Sources */,
				8509F8EE193A53E20021EC57 /* AppDelegate.m in Sources */,
				85F6AAC0194C1DBC00F0573A /* LeveyPopListView.m in Sources */,
				85804715193CF752004F73CB /* Utils.m in Sources */,
				8509F8EA193A53E20021EC57 /* main.m in Sources */,
				85CC6E21194D72C900F79C10 /* BleDevice.m in Sources */,
				85F6AAB4194B627800F0573A /* SingleSelectViewController.m in Sources */,
			);
			runOnlyForDeploymentPostprocessing = 0;
		};
		8509F8F7193A53E20021EC57 /* Sources */ = {
			isa = PBXSourcesBuildPhase;
			buildActionMask = 2147483647;
			files = (
				8509F909193A53E20021EC57 /* bwRangeTests.m in Sources */,
			);
			runOnlyForDeploymentPostprocessing = 0;
		};
/* End PBXSourcesBuildPhase section */

/* Begin PBXTargetDependency section */
		8509F901193A53E20021EC57 /* PBXTargetDependency */ = {
			isa = PBXTargetDependency;
			target = 8509F8D9193A53E20021EC57 /* bwRange */;
			targetProxy = 8509F900193A53E20021EC57 /* PBXContainerItemProxy */;
		};
/* End PBXTargetDependency section */

/* Begin PBXVariantGroup section */
		8509F8E6193A53E20021EC57 /* InfoPlist.strings */ = {
			isa = PBXVariantGroup;
			children = (
				8509F8E7193A53E20021EC57 /* en */,
			);
			name = InfoPlist.strings;
			sourceTree = "<group>";
		};
		8509F8EF193A53E20021EC57 /* Main.storyboard */ = {
			isa = PBXVariantGroup;
			children = (
				8509F8F0193A53E20021EC57 /* Base */,
			);
			name = Main.storyboard;
			sourceTree = "<group>";
		};
		8509F905193A53E20021EC57 /* InfoPlist.strings */ = {
			isa = PBXVariantGroup;
			children = (
				8509F906193A53E20021EC57 /* en */,
			);
			name = InfoPlist.strings;
			sourceTree = "<group>";
		};
		8533AD3F193E4C8500461C4A /* 3.5.storyboard */ = {
			isa = PBXVariantGroup;
			children = (
				8533AD40193E4C8500461C4A /* Base */,
			);
			name = 3.5.storyboard;
			sourceTree = "<group>";
		};
/* End PBXVariantGroup section */

/* Begin XCBuildConfiguration section */
		8509F90A193A53E20021EC57 /* Debug */ = {
			isa = XCBuildConfiguration;
			buildSettings = {
				ALWAYS_SEARCH_USER_PATHS = NO;
				CLANG_CXX_LANGUAGE_STANDARD = "gnu++0x";
				CLANG_CXX_LIBRARY = "libc++";
				CLANG_ENABLE_MODULES = YES;
				CLANG_ENABLE_OBJC_ARC = YES;
				CLANG_WARN_BOOL_CONVERSION = YES;
				CLANG_WARN_CONSTANT_CONVERSION = YES;
				CLANG_WARN_DIRECT_OBJC_ISA_USAGE = YES_ERROR;
				CLANG_WARN_EMPTY_BODY = YES;
				CLANG_WARN_ENUM_CONVERSION = YES;
				CLANG_WARN_INT_CONVERSION = YES;
				CLANG_WARN_OBJC_ROOT_CLASS = YES_ERROR;
				CLANG_WARN__DUPLICATE_METHOD_MATCH = YES;
				"CODE_SIGN_IDENTITY[sdk=iphoneos*]" = "iPhone Developer";
				COPY_PHASE_STRIP = NO;
				GCC_C_LANGUAGE_STANDARD = gnu99;
				GCC_DYNAMIC_NO_PIC = NO;
				GCC_OPTIMIZATION_LEVEL = 0;
				GCC_PREPROCESSOR_DEFINITIONS = (
					"DEBUG=1",
					"$(inherited)",
				);
				GCC_SYMBOLS_PRIVATE_EXTERN = NO;
				GCC_WARN_64_TO_32_BIT_CONVERSION = YES;
				GCC_WARN_ABOUT_RETURN_TYPE = YES_ERROR;
				GCC_WARN_UNDECLARED_SELECTOR = YES;
				GCC_WARN_UNINITIALIZED_AUTOS = YES_AGGRESSIVE;
				GCC_WARN_UNUSED_FUNCTION = YES;
				GCC_WARN_UNUSED_VARIABLE = YES;
				IPHONEOS_DEPLOYMENT_TARGET = 7.1;
				ONLY_ACTIVE_ARCH = YES;
				SDKROOT = iphoneos;
			};
			name = Debug;
		};
		8509F90B193A53E20021EC57 /* Release */ = {
			isa = XCBuildConfiguration;
			buildSettings = {
				ALWAYS_SEARCH_USER_PATHS = NO;
				CLANG_CXX_LANGUAGE_STANDARD = "gnu++0x";
				CLANG_CXX_LIBRARY = "libc++";
				CLANG_ENABLE_MODULES = YES;
				CLANG_ENABLE_OBJC_ARC = YES;
				CLANG_WARN_BOOL_CONVERSION = YES;
				CLANG_WARN_CONSTANT_CONVERSION = YES;
				CLANG_WARN_DIRECT_OBJC_ISA_USAGE = YES_ERROR;
				CLANG_WARN_EMPTY_BODY = YES;
				CLANG_WARN_ENUM_CONVERSION = YES;
				CLANG_WARN_INT_CONVERSION = YES;
				CLANG_WARN_OBJC_ROOT_CLASS = YES_ERROR;
				CLANG_WARN__DUPLICATE_METHOD_MATCH = YES;
				"CODE_SIGN_IDENTITY[sdk=iphoneos*]" = "iPhone Developer";
				COPY_PHASE_STRIP = YES;
				ENABLE_NS_ASSERTIONS = NO;
				GCC_C_LANGUAGE_STANDARD = gnu99;
				GCC_WARN_64_TO_32_BIT_CONVERSION = YES;
				GCC_WARN_ABOUT_RETURN_TYPE = YES_ERROR;
				GCC_WARN_UNDECLARED_SELECTOR = YES;
				GCC_WARN_UNINITIALIZED_AUTOS = YES_AGGRESSIVE;
				GCC_WARN_UNUSED_FUNCTION = YES;
				GCC_WARN_UNUSED_VARIABLE = YES;
				IPHONEOS_DEPLOYMENT_TARGET = 7.1;
				SDKROOT = iphoneos;
				VALIDATE_PRODUCT = YES;
			};
			name = Release;
		};
		8509F90D193A53E20021EC57 /* Debug */ = {
			isa = XCBuildConfiguration;
			buildSettings = {
				ASSETCATALOG_COMPILER_APPICON_NAME = AppIcon;
				ASSETCATALOG_COMPILER_LAUNCHIMAGE_NAME = LaunchImage;
				CODE_SIGN_IDENTITY = "iPhone Developer";
				"CODE_SIGN_IDENTITY[sdk=iphoneos*]" = "iPhone Developer";
				GCC_PRECOMPILE_PREFIX_HEADER = YES;
				GCC_PREFIX_HEADER = "bwRange/bwRange-Prefix.pch";
				INFOPLIST_FILE = "bwRange/bwRange-Info.plist";
				PRODUCT_NAME = "$(TARGET_NAME)";
				PROVISIONING_PROFILE = "";
				WRAPPER_EXTENSION = app;
			};
			name = Debug;
		};
		8509F90E193A53E20021EC57 /* Release */ = {
			isa = XCBuildConfiguration;
			buildSettings = {
				ASSETCATALOG_COMPILER_APPICON_NAME = AppIcon;
				ASSETCATALOG_COMPILER_LAUNCHIMAGE_NAME = LaunchImage;
				CODE_SIGN_IDENTITY = "iPhone Developer";
				"CODE_SIGN_IDENTITY[sdk=iphoneos*]" = "iPhone Developer";
				GCC_PRECOMPILE_PREFIX_HEADER = YES;
				GCC_PREFIX_HEADER = "bwRange/bwRange-Prefix.pch";
				INFOPLIST_FILE = "bwRange/bwRange-Info.plist";
				PRODUCT_NAME = "$(TARGET_NAME)";
				PROVISIONING_PROFILE = "";
				WRAPPER_EXTENSION = app;
			};
			name = Release;
		};
		8509F910193A53E20021EC57 /* Debug */ = {
			isa = XCBuildConfiguration;
			buildSettings = {
				BUNDLE_LOADER = "$(BUILT_PRODUCTS_DIR)/bwRange.app/bwRange";
				FRAMEWORK_SEARCH_PATHS = (
					"$(SDKROOT)/Developer/Library/Frameworks",
					"$(inherited)",
					"$(DEVELOPER_FRAMEWORKS_DIR)",
				);
				GCC_PRECOMPILE_PREFIX_HEADER = YES;
				GCC_PREFIX_HEADER = "bwRange/bwRange-Prefix.pch";
				GCC_PREPROCESSOR_DEFINITIONS = (
					"DEBUG=1",
					"$(inherited)",
				);
				INFOPLIST_FILE = "bwRangeTests/bwRangeTests-Info.plist";
				PRODUCT_NAME = "$(TARGET_NAME)";
				TEST_HOST = "$(BUNDLE_LOADER)";
				WRAPPER_EXTENSION = xctest;
			};
			name = Debug;
		};
		8509F911193A53E20021EC57 /* Release */ = {
			isa = XCBuildConfiguration;
			buildSettings = {
				BUNDLE_LOADER = "$(BUILT_PRODUCTS_DIR)/bwRange.app/bwRange";
				FRAMEWORK_SEARCH_PATHS = (
					"$(SDKROOT)/Developer/Library/Frameworks",
					"$(inherited)",
					"$(DEVELOPER_FRAMEWORKS_DIR)",
				);
				GCC_PRECOMPILE_PREFIX_HEADER = YES;
				GCC_PREFIX_HEADER = "bwRange/bwRange-Prefix.pch";
				INFOPLIST_FILE = "bwRangeTests/bwRangeTests-Info.plist";
				PRODUCT_NAME = "$(TARGET_NAME)";
				TEST_HOST = "$(BUNDLE_LOADER)";
				WRAPPER_EXTENSION = xctest;
			};
			name = Release;
		};
/* End XCBuildConfiguration section */

/* Begin XCConfigurationList section */
		8509F8D5193A53E20021EC57 /* Build configuration list for PBXProject "bwRange" */ = {
			isa = XCConfigurationList;
			buildConfigurations = (
				8509F90A193A53E20021EC57 /* Debug */,
				8509F90B193A53E20021EC57 /* Release */,
			);
			defaultConfigurationIsVisible = 0;
			defaultConfigurationName = Release;
		};
		8509F90C193A53E20021EC57 /* Build configuration list for PBXNativeTarget "bwRange" */ = {
			isa = XCConfigurationList;
			buildConfigurations = (
				8509F90D193A53E20021EC57 /* Debug */,
				8509F90E193A53E20021EC57 /* Release */,
			);
			defaultConfigurationIsVisible = 0;
			defaultConfigurationName = Release;
		};
		8509F90F193A53E20021EC57 /* Build configuration list for PBXNativeTarget "bwRangeTests" */ = {
			isa = XCConfigurationList;
			buildConfigurations = (
				8509F910193A53E20021EC57 /* Debug */,
				8509F911193A53E20021EC57 /* Release */,
			);
			defaultConfigurationIsVisible = 0;
			defaultConfigurationName = Release;
		};
/* End XCConfigurationList section */
	};
	rootObject = 8509F8D2193A53E20021EC57 /* Project object */;
}
