// !$*UTF8*$!
{
	archiveVersion = 1;
	classes = {
	};
	objectVersion = 46;
	objects = {

/* Begin PBXBuildFile section */
		8509F8DE193A53E20021EC57 /* Foundation.framework in Frameworks */ = {isa = PBXBuildFile; fileRef = 8509F8DD193A53E20021EC57 /* Foundation.framework */; };
		8509F8E0193A53E20021EC57 /* CoreGraphics.framework in Frameworks */ = {isa = PBXBuildFile; fileRef = 8509F8DF193A53E20021EC57 /* CoreGraphics.framework */; };
		8509F8E2193A53E20021EC57 /* UIKit.framework in Frameworks */ = {isa = PBXBuildFile; fileRef = 8509F8E1193A53E20021EC57 /* UIKit.framework */; };
		8509F8E8193A53E20021EC57 /* InfoPlist.strings in Resources */ = {isa = PBXBuildFile; fileRef = 8509F8E6193A53E20021EC57 /* InfoPlist.strings */; };
		8509F8EA193A53E20021EC57 /* main.m in Sources */ = {isa = PBXBuildFile; fileRef = 8509F8E9193A53E20021EC57 /* main.m */; };
		8509F8EE193A53E20021EC57 /* AppDelegate.m in Sources */ = {isa = PBXBuildFile; fileRef = 8509F8ED193A53E20021EC57 /* AppDelegate.m */; };
		8509F8F1193A53E20021EC57 /* Main.storyboard in Resources */ = {isa = PBXBuildFile; fileRef = 8509F8EF193A53E20021EC57 /* Main.storyboard */; };
		8509F8F6193A53E20021EC57 /* Images.xcassets in Resources */ = {isa = PBXBuildFile; fileRef = 8509F8F5193A53E20021EC57 /* Images.xcassets */; };
		8509F8FD193A53E20021EC57 /* XCTest.framework in Frameworks */ = {isa = PBXBuildFile; fileRef = 8509F8FC193A53E20021EC57 /* XCTest.framework */; };
		8509F8FE193A53E20021EC57 /* Foundation.framework in Frameworks */ = {isa = PBXBuildFile; fileRef = 8509F8DD193A53E20021EC57 /* Foundation.framework */; };
		8509F8FF193A53E20021EC57 /* UIKit.framework in Frameworks */ = {isa = PBXBuildFile; fileRef = 8509F8E1193A53E20021EC57 /* UIKit.framework */; };
		8509F907193A53E20021EC57 /* InfoPlist.strings in Resources */ = {isa = PBXBuildFile; fileRef = 8509F905193A53E20021EC57 /* InfoPlist.strings */; };
		8509F909193A53E20021EC57 /* bwRangeTests.m in Sources */ = {isa = PBXBuildFile; fileRef = 8509F908193A53E20021EC57 /* bwRangeTests.m */; };
		8533AD41193E4C8500461C4A /* 3.5.storyboard in Resources */ = {isa = PBXBuildFile; fileRef = 8533AD3F193E4C8500461C4A /* 3.5.storyboard */; };
		8570B5CC1946E08D00CEC06E /* CoreBluetooth.framework in Frameworks */ = {isa = PBXBuildFile; fileRef = 8570B5CB1946E08D00CEC06E /* CoreBluetooth.framework */; };
		85C1F7B119558000000A0D17 /* BleDevice.m in Sources */ = {isa = PBXBuildFile; fileRef = 85C1F7AC19558000000A0D17 /* BleDevice.m */; };
		85C1F7B219558000000A0D17 /* BleFinder.m in Sources */ = {isa = PBXBuildFile; fileRef = 85C1F7AE19558000000A0D17 /* BleFinder.m */; };
		85C1F7B319558000000A0D17 /* DataManager.m in Sources */ = {isa = PBXBuildFile; fileRef = 85C1F7B019558000000A0D17 /* DataManager.m */; };
		85C1F7BE1955809B000A0D17 /* LeveyPopListView.m in Sources */ = {isa = PBXBuildFile; fileRef = 85C1F7B81955809B000A0D17 /* LeveyPopListView.m */; };
		85C1F7BF1955809B000A0D17 /* LeveyPopListViewCell.m in Sources */ = {isa = PBXBuildFile; fileRef = 85C1F7BA1955809B000A0D17 /* LeveyPopListViewCell.m */; };
		85C1F7C01955809B000A0D17 /* UIView+Toast.m in Sources */ = {isa = PBXBuildFile; fileRef = 85C1F7BD1955809B000A0D17 /* UIView+Toast.m */; };
		85C1F7C9195580AA000A0D17 /* DemoFinders.plist in Resources */ = {isa = PBXBuildFile; fileRef = 85C1F7C2195580AA000A0D17 /* DemoFinders.plist */; };
		85C1F7CA195580AA000A0D17 /* Finders.plist in Resources */ = {isa = PBXBuildFile; fileRef = 85C1F7C3195580AA000A0D17 /* Finders.plist */; };
		85C1F7CB195580AA000A0D17 /* FinderTypes.plist in Resources */ = {isa = PBXBuildFile; fileRef = 85C1F7C4195580AA000A0D17 /* FinderTypes.plist */; };
		85C1F7CC195580AA000A0D17 /* Ringtones.plist in Resources */ = {isa = PBXBuildFile; fileRef = 85C1F7C5195580AA000A0D17 /* Ringtones.plist */; };
		85C1F7CD195580AA000A0D17 /* beep1.mp3 in Resources */ = {isa = PBXBuildFile; fileRef = 85C1F7C7195580AA000A0D17 /* beep1.mp3 */; };
		85C1F7CE195580AA000A0D17 /* beep2.mp3 in Resources */ = {isa = PBXBuildFile; fileRef = 85C1F7C8195580AA000A0D17 /* beep2.mp3 */; };
		85C1F7E419558139000A0D17 /* DeviceListTableViewController.m in Sources */ = {isa = PBXBuildFile; fileRef = 85C1F7D119558139000A0D17 /* DeviceListTableViewController.m */; };
		85C1F7E519558139000A0D17 /* DeviceSettingViewController.m in Sources */ = {isa = PBXBuildFile; fileRef = 85C1F7D319558139000A0D17 /* DeviceSettingViewController.m */; };
		85C1F7E619558139000A0D17 /* DistanceViewController.m in Sources */ = {isa = PBXBuildFile; fileRef = 85C1F7D519558139000A0D17 /* DistanceViewController.m */; };
		85C1F7E719558139000A0D17 /* FinderDetailViewController.m in Sources */ = {isa = PBXBuildFile; fileRef = 85C1F7D719558139000A0D17 /* FinderDetailViewController.m */; };
		85C1F7E819558139000A0D17 /* FinderListViewController.m in Sources */ = {isa = PBXBuildFile; fileRef = 85C1F7D919558139000A0D17 /* FinderListViewController.m */; };
		85C1F7E919558139000A0D17 /* FinderMapViewController.m in Sources */ = {isa = PBXBuildFile; fileRef = 85C1F7DB19558139000A0D17 /* FinderMapViewController.m */; };
		85C1F7EA19558139000A0D17 /* FinderStatusViewController.m in Sources */ = {isa = PBXBuildFile; fileRef = 85C1F7DD19558139000A0D17 /* FinderStatusViewController.m */; };
		85C1F7EB19558139000A0D17 /* FinderTypeViewController.m in Sources */ = {isa = PBXBuildFile; fileRef = 85C1F7DF19558139000A0D17 /* FinderTypeViewController.m */; };
		85C1F7EC19558139000A0D17 /* SingleSelectViewController.m in Sources */ = {isa = PBXBuildFile; fileRef = 85C1F7E119558139000A0D17 /* SingleSelectViewController.m */; };
		85C1F7ED19558139000A0D17 /* WelcomeViewController.m in Sources */ = {isa = PBXBuildFile; fileRef = 85C1F7E319558139000A0D17 /* WelcomeViewController.m */; };
		85C1F7F219558149000A0D17 /* Utils.m in Sources */ = {isa = PBXBuildFile; fileRef = 85C1F7F119558149000A0D17 /* Utils.m */; };
		85C1F7F5195583B6000A0D17 /* BleManager.m in Sources */ = {isa = PBXBuildFile; fileRef = 85C1F7F4195583B6000A0D17 /* BleManager.m */; };
		85C1F7F8195583E8000A0D17 /* BlePeripheral.m in Sources */ = {isa = PBXBuildFile; fileRef = 85C1F7F7195583E8000A0D17 /* BlePeripheral.m */; };
		85C1F8021959693F000A0D17 /* BleFinderService.m in Sources */ = {isa = PBXBuildFile; fileRef = 85C1F8011959693F000A0D17 /* BleFinderService.m */; };
/* End PBXBuildFile section */

/* Begin PBXContainerItemProxy section */
		8509F900193A53E20021EC57 /* PBXContainerItemProxy */ = {
			isa = PBXContainerItemProxy;
			containerPortal = 8509F8D2193A53E20021EC57 /* Project object */;
			proxyType = 1;
			remoteGlobalIDString = 8509F8D9193A53E20021EC57;
			remoteInfo = bwRange;
		};
/* End PBXContainerItemProxy section */

/* Begin PBXFileReference section */
		8509F8DA193A53E20021EC57 /* bwRange.app */ = {isa = PBXFileReference; explicitFileType = wrapper.application; includeInIndex = 0; path = bwRange.app; sourceTree = BUILT_PRODUCTS_DIR; };
		8509F8DD193A53E20021EC57 /* Foundation.framework */ = {isa = PBXFileReference; lastKnownFileType = wrapper.framework; name = Foundation.framework; path = System/Library/Frameworks/Foundation.framework; sourceTree = SDKROOT; };
		8509F8DF193A53E20021EC57 /* CoreGraphics.framework */ = {isa = PBXFileReference; lastKnownFileType = wrapper.framework; name = CoreGraphics.framework; path = System/Library/Frameworks/CoreGraphics.framework; sourceTree = SDKROOT; };
		8509F8E1193A53E20021EC57 /* UIKit.framework */ = {isa = PBXFileReference; lastKnownFileType = wrapper.framework; name = UIKit.framework; path = System/Library/Frameworks/UIKit.framework; sourceTree = SDKROOT; };
		8509F8E5193A53E20021EC57 /* bwRange-Info.plist */ = {isa = PBXFileReference; lastKnownFileType = text.plist.xml; path = "bwRange-Info.plist"; sourceTree = "<group>"; };
		8509F8E7193A53E20021EC57 /* en */ = {isa = PBXFileReference; lastKnownFileType = text.plist.strings; name = en; path = en.lproj/InfoPlist.strings; sourceTree = "<group>"; };
		8509F8E9193A53E20021EC57 /* main.m */ = {isa = PBXFileReference; lastKnownFileType = sourcecode.c.objc; path = main.m; sourceTree = "<group>"; };
		8509F8EB193A53E20021EC57 /* bwRange-Prefix.pch */ = {isa = PBXFileReference; lastKnownFileType = sourcecode.c.h; path = "bwRange-Prefix.pch"; sourceTree = "<group>"; };
		8509F8EC193A53E20021EC57 /* AppDelegate.h */ = {isa = PBXFileReference; lastKnownFileType = sourcecode.c.h; path = AppDelegate.h; sourceTree = "<group>"; };
		8509F8ED193A53E20021EC57 /* AppDelegate.m */ = {isa = PBXFileReference; lastKnownFileType = sourcecode.c.objc; path = AppDelegate.m; sourceTree = "<group>"; };
		8509F8F0193A53E20021EC57 /* Base */ = {isa = PBXFileReference; lastKnownFileType = file.storyboard; name = Base; path = Base.lproj/Main.storyboard; sourceTree = "<group>"; };
		8509F8F5193A53E20021EC57 /* Images.xcassets */ = {isa = PBXFileReference; lastKnownFileType = folder.assetcatalog; path = Images.xcassets; sourceTree = "<group>"; };
		8509F8FB193A53E20021EC57 /* bwRangeTests.xctest */ = {isa = PBXFileReference; explicitFileType = wrapper.cfbundle; includeInIndex = 0; path = bwRangeTests.xctest; sourceTree = BUILT_PRODUCTS_DIR; };
		8509F8FC193A53E20021EC57 /* XCTest.framework */ = {isa = PBXFileReference; lastKnownFileType = wrapper.framework; name = XCTest.framework; path = Library/Frameworks/XCTest.framework; sourceTree = DEVELOPER_DIR; };
		8509F904193A53E20021EC57 /* bwRangeTests-Info.plist */ = {isa = PBXFileReference; lastKnownFileType = text.plist.xml; path = "bwRangeTests-Info.plist"; sourceTree = "<group>"; };
		8509F906193A53E20021EC57 /* en */ = {isa = PBXFileReference; lastKnownFileType = text.plist.strings; name = en; path = en.lproj/InfoPlist.strings; sourceTree = "<group>"; };
		8509F908193A53E20021EC57 /* bwRangeTests.m */ = {isa = PBXFileReference; lastKnownFileType = sourcecode.c.objc; path = bwRangeTests.m; sourceTree = "<group>"; };
		8533AD40193E4C8500461C4A /* Base */ = {isa = PBXFileReference; lastKnownFileType = file.storyboard; name = Base; path = Base.lproj/3.5.storyboard; sourceTree = "<group>"; };
		8570B5CB1946E08D00CEC06E /* CoreBluetooth.framework */ = {isa = PBXFileReference; lastKnownFileType = wrapper.framework; name = CoreBluetooth.framework; path = System/Library/Frameworks/CoreBluetooth.framework; sourceTree = SDKROOT; };
		85804716193CFCA2004F73CB /* AppDefine.h */ = {isa = PBXFileReference; lastKnownFileType = sourcecode.c.h; name = AppDefine.h; path = Sources/AppDefine.h; sourceTree = "<group>"; };
		85C1F7AB19558000000A0D17 /* BleDevice.h */ = {isa = PBXFileReference; fileEncoding = 4; lastKnownFileType = sourcecode.c.h; path = BleDevice.h; sourceTree = "<group>"; };
		85C1F7AC19558000000A0D17 /* BleDevice.m */ = {isa = PBXFileReference; fileEncoding = 4; lastKnownFileType = sourcecode.c.objc; path = BleDevice.m; sourceTree = "<group>"; };
		85C1F7AD19558000000A0D17 /* BleFinder.h */ = {isa = PBXFileReference; fileEncoding = 4; lastKnownFileType = sourcecode.c.h; path = BleFinder.h; sourceTree = "<group>"; };
		85C1F7AE19558000000A0D17 /* BleFinder.m */ = {isa = PBXFileReference; fileEncoding = 4; lastKnownFileType = sourcecode.c.objc; path = BleFinder.m; sourceTree = "<group>"; };
		85C1F7AF19558000000A0D17 /* DataManager.h */ = {isa = PBXFileReference; fileEncoding = 4; lastKnownFileType = sourcecode.c.h; path = DataManager.h; sourceTree = "<group>"; };
		85C1F7B019558000000A0D17 /* DataManager.m */ = {isa = PBXFileReference; fileEncoding = 4; lastKnownFileType = sourcecode.c.objc; path = DataManager.m; sourceTree = "<group>"; };
		85C1F7B71955809B000A0D17 /* LeveyPopListView.h */ = {isa = PBXFileReference; fileEncoding = 4; lastKnownFileType = sourcecode.c.h; path = LeveyPopListView.h; sourceTree = "<group>"; };
		85C1F7B81955809B000A0D17 /* LeveyPopListView.m */ = {isa = PBXFileReference; fileEncoding = 4; lastKnownFileType = sourcecode.c.objc; path = LeveyPopListView.m; sourceTree = "<group>"; };
		85C1F7B91955809B000A0D17 /* LeveyPopListViewCell.h */ = {isa = PBXFileReference; fileEncoding = 4; lastKnownFileType = sourcecode.c.h; path = LeveyPopListViewCell.h; sourceTree = "<group>"; };
		85C1F7BA1955809B000A0D17 /* LeveyPopListViewCell.m */ = {isa = PBXFileReference; fileEncoding = 4; lastKnownFileType = sourcecode.c.objc; path = LeveyPopListViewCell.m; sourceTree = "<group>"; };
		85C1F7BC1955809B000A0D17 /* UIView+Toast.h */ = {isa = PBXFileReference; fileEncoding = 4; lastKnownFileType = sourcecode.c.h; path = "UIView+Toast.h"; sourceTree = "<group>"; };
		85C1F7BD1955809B000A0D17 /* UIView+Toast.m */ = {isa = PBXFileReference; fileEncoding = 4; lastKnownFileType = sourcecode.c.objc; path = "UIView+Toast.m"; sourceTree = "<group>"; };
		85C1F7C2195580AA000A0D17 /* DemoFinders.plist */ = {isa = PBXFileReference; fileEncoding = 4; lastKnownFileType = text.plist.xml; path = DemoFinders.plist; sourceTree = "<group>"; };
		85C1F7C3195580AA000A0D17 /* Finders.plist */ = {isa = PBXFileReference; fileEncoding = 4; lastKnownFileType = text.plist.xml; path = Finders.plist; sourceTree = "<group>"; };
		85C1F7C4195580AA000A0D17 /* FinderTypes.plist */ = {isa = PBXFileReference; fileEncoding = 4; lastKnownFileType = text.plist.xml; path = FinderTypes.plist; sourceTree = "<group>"; };
		85C1F7C5195580AA000A0D17 /* Ringtones.plist */ = {isa = PBXFileReference; fileEncoding = 4; lastKnownFileType = text.plist.xml; path = Ringtones.plist; sourceTree = "<group>"; };
		85C1F7C7195580AA000A0D17 /* beep1.mp3 */ = {isa = PBXFileReference; lastKnownFileType = audio.mp3; path = beep1.mp3; sourceTree = "<group>"; };
		85C1F7C8195580AA000A0D17 /* beep2.mp3 */ = {isa = PBXFileReference; lastKnownFileType = audio.mp3; path = beep2.mp3; sourceTree = "<group>"; };
		85C1F7D019558139000A0D17 /* DeviceListTableViewController.h */ = {isa = PBXFileReference; fileEncoding = 4; lastKnownFileType = sourcecode.c.h; path = DeviceListTableViewController.h; sourceTree = "<group>"; };
		85C1F7D119558139000A0D17 /* DeviceListTableViewController.m */ = {isa = PBXFileReference; fileEncoding = 4; lastKnownFileType = sourcecode.c.objc; path = DeviceListTableViewController.m; sourceTree = "<group>"; };
		85C1F7D219558139000A0D17 /* DeviceSettingViewController.h */ = {isa = PBXFileReference; fileEncoding = 4; lastKnownFileType = sourcecode.c.h; path = DeviceSettingViewController.h; sourceTree = "<group>"; };
		85C1F7D319558139000A0D17 /* DeviceSettingViewController.m */ = {isa = PBXFileReference; fileEncoding = 4; lastKnownFileType = sourcecode.c.objc; path = DeviceSettingViewController.m; sourceTree = "<group>"; };
		85C1F7D419558139000A0D17 /* DistanceViewController.h */ = {isa = PBXFileReference; fileEncoding = 4; lastKnownFileType = sourcecode.c.h; path = DistanceViewController.h; sourceTree = "<group>"; };
		85C1F7D519558139000A0D17 /* DistanceViewController.m */ = {isa = PBXFileReference; fileEncoding = 4; lastKnownFileType = sourcecode.c.objc; path = DistanceViewController.m; sourceTree = "<group>"; };
		85C1F7D619558139000A0D17 /* FinderDetailViewController.h */ = {isa = PBXFileReference; fileEncoding = 4; lastKnownFileType = sourcecode.c.h; path = FinderDetailViewController.h; sourceTree = "<group>"; };
		85C1F7D719558139000A0D17 /* FinderDetailViewController.m */ = {isa = PBXFileReference; fileEncoding = 4; lastKnownFileType = sourcecode.c.objc; path = FinderDetailViewController.m; sourceTree = "<group>"; };
		85C1F7D819558139000A0D17 /* FinderListViewController.h */ = {isa = PBXFileReference; fileEncoding = 4; lastKnownFileType = sourcecode.c.h; path = FinderListViewController.h; sourceTree = "<group>"; };
		85C1F7D919558139000A0D17 /* FinderListViewController.m */ = {isa = PBXFileReference; fileEncoding = 4; lastKnownFileType = sourcecode.c.objc; path = FinderListViewController.m; sourceTree = "<group>"; };
		85C1F7DA19558139000A0D17 /* FinderMapViewController.h */ = {isa = PBXFileReference; fileEncoding = 4; lastKnownFileType = sourcecode.c.h; path = FinderMapViewController.h; sourceTree = "<group>"; };
		85C1F7DB19558139000A0D17 /* FinderMapViewController.m */ = {isa = PBXFileReference; fileEncoding = 4; lastKnownFileType = sourcecode.c.objc; path = FinderMapViewController.m; sourceTree = "<group>"; };
		85C1F7DC19558139000A0D17 /* FinderStatusViewController.h */ = {isa = PBXFileReference; fileEncoding = 4; lastKnownFileType = sourcecode.c.h; path = FinderStatusViewController.h; sourceTree = "<group>"; };
		85C1F7DD19558139000A0D17 /* FinderStatusViewController.m */ = {isa = PBXFileReference; fileEncoding = 4; lastKnownFileType = sourcecode.c.objc; path = FinderStatusViewController.m; sourceTree = "<group>"; };
		85C1F7DE19558139000A0D17 /* FinderTypeViewController.h */ = {isa = PBXFileReference; fileEncoding = 4; lastKnownFileType = sourcecode.c.h; path = FinderTypeViewController.h; sourceTree = "<group>"; };
		85C1F7DF19558139000A0D17 /* FinderTypeViewController.m */ = {isa = PBXFileReference; fileEncoding = 4; lastKnownFileType = sourcecode.c.objc; path = FinderTypeViewController.m; sourceTree = "<group>"; };
		85C1F7E019558139000A0D17 /* SingleSelectViewController.h */ = {isa = PBXFileReference; fileEncoding = 4; lastKnownFileType = sourcecode.c.h; path = SingleSelectViewController.h; sourceTree = "<group>"; };
		85C1F7E119558139000A0D17 /* SingleSelectViewController.m */ = {isa = PBXFileReference; fileEncoding = 4; lastKnownFileType = sourcecode.c.objc; path = SingleSelectViewController.m; sourceTree = "<group>"; };
		85C1F7E219558139000A0D17 /* WelcomeViewController.h */ = {isa = PBXFileReference; fileEncoding = 4; lastKnownFileType = sourcecode.c.h; path = WelcomeViewController.h; sourceTree = "<group>"; };
		85C1F7E319558139000A0D17 /* WelcomeViewController.m */ = {isa = PBXFileReference; fileEncoding = 4; lastKnownFileType = sourcecode.c.objc; path = WelcomeViewController.m; sourceTree = "<group>"; };
		85C1F7EF19558149000A0D17 /* Common.h */ = {isa = PBXFileReference; fileEncoding = 4; lastKnownFileType = sourcecode.c.h; path = Common.h; sourceTree = "<group>"; };
		85C1F7F019558149000A0D17 /* Utils.h */ = {isa = PBXFileReference; fileEncoding = 4; lastKnownFileType = sourcecode.c.h; path = Utils.h; sourceTree = "<group>"; };
		85C1F7F119558149000A0D17 /* Utils.m */ = {isa = PBXFileReference; fileEncoding = 4; lastKnownFileType = sourcecode.c.objc; path = Utils.m; sourceTree = "<group>"; };
		85C1F7F3195583B6000A0D17 /* BleManager.h */ = {isa = PBXFileReference; fileEncoding = 4; lastKnownFileType = sourcecode.c.h; path = BleManager.h; sourceTree = "<group>"; };
		85C1F7F4195583B6000A0D17 /* BleManager.m */ = {isa = PBXFileReference; fileEncoding = 4; lastKnownFileType = sourcecode.c.objc; path = BleManager.m; sourceTree = "<group>"; };
		85C1F7F6195583E8000A0D17 /* BlePeripheral.h */ = {isa = PBXFileReference; fileEncoding = 4; lastKnownFileType = sourcecode.c.h; path = BlePeripheral.h; sourceTree = "<group>"; };
		85C1F7F7195583E8000A0D17 /* BlePeripheral.m */ = {isa = PBXFileReference; fileEncoding = 4; lastKnownFileType = sourcecode.c.objc; path = BlePeripheral.m; sourceTree = "<group>"; };
		85C1F8001959693F000A0D17 /* BleFinderService.h */ = {isa = PBXFileReference; fileEncoding = 4; lastKnownFileType = sourcecode.c.h; path = BleFinderService.h; sourceTree = "<group>"; };
		85C1F8011959693F000A0D17 /* BleFinderService.m */ = {isa = PBXFileReference; fileEncoding = 4; lastKnownFileType = sourcecode.c.objc; path = BleFinderService.m; sourceTree = "<group>"; };
		85C1F80319596D2B000A0D17 /* GCDSingleton.h */ = {isa = PBXFileReference; fileEncoding = 4; lastKnownFileType = sourcecode.c.h; path = GCDSingleton.h; sourceTree = "<group>"; };
/* End PBXFileReference section */

/* Begin PBXFrameworksBuildPhase section */
		8509F8D7193A53E20021EC57 /* Frameworks */ = {
			isa = PBXFrameworksBuildPhase;
			buildActionMask = 2147483647;
			files = (
				8570B5CC1946E08D00CEC06E /* CoreBluetooth.framework in Frameworks */,
				8509F8E0193A53E20021EC57 /* CoreGraphics.framework in Frameworks */,
				8509F8E2193A53E20021EC57 /* UIKit.framework in Frameworks */,
				8509F8DE193A53E20021EC57 /* Foundation.framework in Frameworks */,
			);
			runOnlyForDeploymentPostprocessing = 0;
		};
		8509F8F8193A53E20021EC57 /* Frameworks */ = {
			isa = PBXFrameworksBuildPhase;
			buildActionMask = 2147483647;
			files = (
				8509F8FD193A53E20021EC57 /* XCTest.framework in Frameworks */,
				8509F8FF193A53E20021EC57 /* UIKit.framework in Frameworks */,
				8509F8FE193A53E20021EC57 /* Foundation.framework in Frameworks */,
			);
			runOnlyForDeploymentPostprocessing = 0;
		};
/* End PBXFrameworksBuildPhase section */

/* Begin PBXGroup section */
		8509F8D1193A53E20021EC57 = {
			isa = PBXGroup;
			children = (
				8509F8E3193A53E20021EC57 /* bwRange */,
				8509F902193A53E20021EC57 /* bwRangeTests */,
				8509F8DC193A53E20021EC57 /* Frameworks */,
				8509F8DB193A53E20021EC57 /* Products */,
			);
			sourceTree = "<group>";
		};
		8509F8DB193A53E20021EC57 /* Products */ = {
			isa = PBXGroup;
			children = (
				8509F8DA193A53E20021EC57 /* bwRange.app */,
				8509F8FB193A53E20021EC57 /* bwRangeTests.xctest */,
			);
			name = Products;
			sourceTree = "<group>";
		};
		8509F8DC193A53E20021EC57 /* Frameworks */ = {
			isa = PBXGroup;
			children = (
				8570B5CB1946E08D00CEC06E /* CoreBluetooth.framework */,
				8509F8DD193A53E20021EC57 /* Foundation.framework */,
				8509F8DF193A53E20021EC57 /* CoreGraphics.framework */,
				8509F8E1193A53E20021EC57 /* UIKit.framework */,
				8509F8FC193A53E20021EC57 /* XCTest.framework */,
			);
			name = Frameworks;
			sourceTree = "<group>";
		};
		8509F8E3193A53E20021EC57 /* bwRange */ = {
			isa = PBXGroup;
			children = (
				85C1F7B419558027000A0D17 /* Sources */,
				85EE2929194979640085A6EB /* Resources */,
				8533AD3F193E4C8500461C4A /* 3.5.storyboard */,
				8509F8EC193A53E20021EC57 /* AppDelegate.h */,
				8509F8ED193A53E20021EC57 /* AppDelegate.m */,
				8509F8EF193A53E20021EC57 /* Main.storyboard */,
				8509F8F5193A53E20021EC57 /* Images.xcassets */,
				8509F8E4193A53E20021EC57 /* Supporting Files */,
				85804716193CFCA2004F73CB /* AppDefine.h */,
			);
			path = bwRange;
			sourceTree = "<group>";
		};
		8509F8E4193A53E20021EC57 /* Supporting Files */ = {
			isa = PBXGroup;
			children = (
				8509F8E5193A53E20021EC57 /* bwRange-Info.plist */,
				8509F8E6193A53E20021EC57 /* InfoPlist.strings */,
				8509F8E9193A53E20021EC57 /* main.m */,
				8509F8EB193A53E20021EC57 /* bwRange-Prefix.pch */,
			);
			name = "Supporting Files";
			sourceTree = "<group>";
		};
		8509F902193A53E20021EC57 /* bwRangeTests */ = {
			isa = PBXGroup;
			children = (
				8509F908193A53E20021EC57 /* bwRangeTests.m */,
				8509F903193A53E20021EC57 /* Supporting Files */,
			);
			path = bwRangeTests;
			sourceTree = "<group>";
		};
		8509F903193A53E20021EC57 /* Supporting Files */ = {
			isa = PBXGroup;
			children = (
				8509F904193A53E20021EC57 /* bwRangeTests-Info.plist */,
				8509F905193A53E20021EC57 /* InfoPlist.strings */,
			);
			name = "Supporting Files";
			sourceTree = "<group>";
		};
		85C1F7AA19558000000A0D17 /* model */ = {
			isa = PBXGroup;
			children = (
				85C1F7AB19558000000A0D17 /* BleDevice.h */,
				85C1F7AC19558000000A0D17 /* BleDevice.m */,
				85C1F7AD19558000000A0D17 /* BleFinder.h */,
				85C1F7AE19558000000A0D17 /* BleFinder.m */,
				85C1F7AF19558000000A0D17 /* DataManager.h */,
				85C1F7B019558000000A0D17 /* DataManager.m */,
			);
			name = model;
			path = Sources/model;
			sourceTree = "<group>";
		};
		85C1F7B419558027000A0D17 /* Sources */ = {
			isa = PBXGroup;
			children = (
				85C1F7FC195967B6000A0D17 /* service */,
				85C1F7EE19558149000A0D17 /* lib */,
				85C1F7CF19558139000A0D17 /* controller */,
				85C1F7B51955809B000A0D17 /* 3rd */,
				85C1F7AA19558000000A0D17 /* model */,
			);
			name = Sources;
			sourceTree = "<group>";
		};
		85C1F7B51955809B000A0D17 /* 3rd */ = {
			isa = PBXGroup;
			children = (
				85C1F7B61955809B000A0D17 /* LeveyPopListView */,
				85C1F7BB1955809B000A0D17 /* Toast */,
			);
			name = 3rd;
			path = Sources/3rd;
			sourceTree = "<group>";
		};
		85C1F7B61955809B000A0D17 /* LeveyPopListView */ = {
			isa = PBXGroup;
			children = (
				85C1F7B71955809B000A0D17 /* LeveyPopListView.h */,
				85C1F7B81955809B000A0D17 /* LeveyPopListView.m */,
				85C1F7B91955809B000A0D17 /* LeveyPopListViewCell.h */,
				85C1F7BA1955809B000A0D17 /* LeveyPopListViewCell.m */,
			);
			path = LeveyPopListView;
			sourceTree = "<group>";
		};
		85C1F7BB1955809B000A0D17 /* Toast */ = {
			isa = PBXGroup;
			children = (
				85C1F7BC1955809B000A0D17 /* UIView+Toast.h */,
				85C1F7BD1955809B000A0D17 /* UIView+Toast.m */,
			);
			path = Toast;
			sourceTree = "<group>";
		};
		85C1F7C1195580AA000A0D17 /* plist */ = {
			isa = PBXGroup;
			children = (
				85C1F7C2195580AA000A0D17 /* DemoFinders.plist */,
				85C1F7C3195580AA000A0D17 /* Finders.plist */,
				85C1F7C4195580AA000A0D17 /* FinderTypes.plist */,
				85C1F7C5195580AA000A0D17 /* Ringtones.plist */,
			);
			path = plist;
			sourceTree = "<group>";
		};
		85C1F7C6195580AA000A0D17 /* ringtone */ = {
			isa = PBXGroup;
			children = (
				85C1F7C7195580AA000A0D17 /* beep1.mp3 */,
				85C1F7C8195580AA000A0D17 /* beep2.mp3 */,
			);
			path = ringtone;
			sourceTree = "<group>";
		};
		85C1F7CF19558139000A0D17 /* controller */ = {
			isa = PBXGroup;
			children = (
				85C1F7D019558139000A0D17 /* DeviceListTableViewController.h */,
				85C1F7D119558139000A0D17 /* DeviceListTableViewController.m */,
				85C1F7D219558139000A0D17 /* DeviceSettingViewController.h */,
				85C1F7D319558139000A0D17 /* DeviceSettingViewController.m */,
				85C1F7D419558139000A0D17 /* DistanceViewController.h */,
				85C1F7D519558139000A0D17 /* DistanceViewController.m */,
				85C1F7D619558139000A0D17 /* FinderDetailViewController.h */,
				85C1F7D719558139000A0D17 /* FinderDetailViewController.m */,
				85C1F7D819558139000A0D17 /* FinderListViewController.h */,
				85C1F7D919558139000A0D17 /* FinderListViewController.m */,
				85C1F7DA19558139000A0D17 /* FinderMapViewController.h */,
				85C1F7DB19558139000A0D17 /* FinderMapViewController.m */,
				85C1F7DC19558139000A0D17 /* FinderStatusViewController.h */,
				85C1F7DD19558139000A0D17 /* FinderStatusViewController.m */,
				85C1F7DE19558139000A0D17 /* FinderTypeViewController.h */,
				85C1F7DF19558139000A0D17 /* FinderTypeViewController.m */,
				85C1F7E019558139000A0D17 /* SingleSelectViewController.h */,
				85C1F7E119558139000A0D17 /* SingleSelectViewController.m */,
				85C1F7E219558139000A0D17 /* WelcomeViewController.h */,
				85C1F7E319558139000A0D17 /* WelcomeViewController.m */,
			);
			name = controller;
			path = Sources/controller;
			sourceTree = "<group>";
		};
		85C1F7EE19558149000A0D17 /* lib */ = {
			isa = PBXGroup;
			children = (
				85C1F80319596D2B000A0D17 /* GCDSingleton.h */,
				85C1F7EF19558149000A0D17 /* Common.h */,
				85C1F7F019558149000A0D17 /* Utils.h */,
				85C1F7F119558149000A0D17 /* Utils.m */,
				85C1F7F3195583B6000A0D17 /* BleManager.h */,
				85C1F7F4195583B6000A0D17 /* BleManager.m */,
				85C1F7F6195583E8000A0D17 /* BlePeripheral.h */,
				85C1F7F7195583E8000A0D17 /* BlePeripheral.m */,
			);
			name = lib;
			path = Sources/lib;
			sourceTree = "<group>";
		};
		85C1F7FC195967B6000A0D17 /* service */ = {
			isa = PBXGroup;
			children = (
				85C1F8001959693F000A0D17 /* BleFinderService.h */,
				85C1F8011959693F000A0D17 /* BleFinderService.m */,
			);
			name = service;
			path = Sources/service;
			sourceTree = "<group>";
		};
		85EE2929194979640085A6EB /* Resources */ = {
			isa = PBXGroup;
			children = (
				85C1F7C1195580AA000A0D17 /* plist */,
				85C1F7C6195580AA000A0D17 /* ringtone */,
			);
			path = Resources;
			sourceTree = "<group>";
		};
/* End PBXGroup section */

/* Begin PBXNativeTarget section */
		8509F8D9193A53E20021EC57 /* bwRange */ = {
			isa = PBXNativeTarget;
			buildConfigurationList = 8509F90C193A53E20021EC57 /* Build configuration list for PBXNativeTarget "bwRange" */;
			buildPhases = (
				8509F8D6193A53E20021EC57 /* Sources */,
				8509F8D7193A53E20021EC57 /* Frameworks */,
				8509F8D8193A53E20021EC57 /* Resources */,
			);
			buildRules = (
			);
			dependencies = (
			);
			name = bwRange;
			productName = bwRange;
			productReference = 8509F8DA193A53E20021EC57 /* bwRange.app */;
			productType = "com.apple.product-type.application";
		};
		8509F8FA193A53E20021EC57 /* bwRangeTests */ = {
			isa = PBXNativeTarget;
			buildConfigurationList = 8509F90F193A53E20021EC57 /* Build configuration list for PBXNativeTarget "bwRangeTests" */;
			buildPhases = (
				8509F8F7193A53E20021EC57 /* Sources */,
				8509F8F8193A53E20021EC57 /* Frameworks */,
				8509F8F9193A53E20021EC57 /* Resources */,
			);
			buildRules = (
			);
			dependencies = (
				8509F901193A53E20021EC57 /* PBXTargetDependency */,
			);
			name = bwRangeTests;
			productName = bwRangeTests;
			productReference = 8509F8FB193A53E20021EC57 /* bwRangeTests.xctest */;
			productType = "com.apple.product-type.bundle.unit-test";
		};
/* End PBXNativeTarget section */

/* Begin PBXProject section */
		8509F8D2193A53E20021EC57 /* Project object */ = {
			isa = PBXProject;
			attributes = {
				LastUpgradeCheck = 0510;
				ORGANIZATIONNAME = " Andrew Huang";
				TargetAttributes = {
					8509F8D9193A53E20021EC57 = {
						DevelopmentTeam = S85DP6P2DG;
					};
					8509F8FA193A53E20021EC57 = {
						TestTargetID = 8509F8D9193A53E20021EC57;
					};
				};
			};
			buildConfigurationList = 8509F8D5193A53E20021EC57 /* Build configuration list for PBXProject "bwRange" */;
			compatibilityVersion = "Xcode 3.2";
			developmentRegion = English;
			hasScannedForEncodings = 0;
			knownRegions = (
				en,
				Base,
				"zh-Hans",
			);
			mainGroup = 8509F8D1193A53E20021EC57;
			productRefGroup = 8509F8DB193A53E20021EC57 /* Products */;
			projectDirPath = "";
			projectRoot = "";
			targets = (
				8509F8D9193A53E20021EC57 /* bwRange */,
				8509F8FA193A53E20021EC57 /* bwRangeTests */,
			);
		};
/* End PBXProject section */

/* Begin PBXResourcesBuildPhase section */
		8509F8D8193A53E20021EC57 /* Resources */ = {
			isa = PBXResourcesBuildPhase;
			buildActionMask = 2147483647;
			files = (
				85C1F7CD195580AA000A0D17 /* beep1.mp3 in Resources */,
				85C1F7CA195580AA000A0D17 /* Finders.plist in Resources */,
				8509F8F6193A53E20021EC57 /* Images.xcassets in Resources */,
				85C1F7CC195580AA000A0D17 /* Ringtones.plist in Resources */,
				85C1F7C9195580AA000A0D17 /* DemoFinders.plist in Resources */,
				8509F8E8193A53E20021EC57 /* InfoPlist.strings in Resources */,
				8509F8F1193A53E20021EC57 /* Main.storyboard in Resources */,
				8533AD41193E4C8500461C4A /* 3.5.storyboard in Resources */,
				85C1F7CB195580AA000A0D17 /* FinderTypes.plist in Resources */,
				85C1F7CE195580AA000A0D17 /* beep2.mp3 in Resources */,
			);
			runOnlyForDeploymentPostprocessing = 0;
		};
		8509F8F9193A53E20021EC57 /* Resources */ = {
			isa = PBXResourcesBuildPhase;
			buildActionMask = 2147483647;
			files = (
				8509F907193A53E20021EC57 /* InfoPlist.strings in Resources */,
			);
			runOnlyForDeploymentPostprocessing = 0;
		};
/* End PBXResourcesBuildPhase section */

/* Begin PBXSourcesBuildPhase section */
		8509F8D6193A53E20021EC57 /* Sources */ = {
			isa = PBXSourcesBuildPhase;
			buildActionMask = 2147483647;
			files = (
				85C1F7BE1955809B000A0D17 /* LeveyPopListView.m in Sources */,
				85C1F7E619558139000A0D17 /* DistanceViewController.m in Sources */,
				85C1F7E519558139000A0D17 /* DeviceSettingViewController.m in Sources */,
				85C1F7E719558139000A0D17 /* FinderDetailViewController.m in Sources */,
				85C1F7B219558000000A0D17 /* BleFinder.m in Sources */,
				85C1F7ED19558139000A0D17 /* WelcomeViewController.m in Sources */,
				85C1F7B119558000000A0D17 /* BleDevice.m in Sources */,
				85C1F7EB19558139000A0D17 /* FinderTypeViewController.m in Sources */,
				8509F8EE193A53E20021EC57 /* AppDelegate.m in Sources */,
				85C1F7EC19558139000A0D17 /* SingleSelectViewController.m in Sources */,
				85C1F8021959693F000A0D17 /* BleFinderService.m in Sources */,
				85C1F7F219558149000A0D17 /* Utils.m in Sources */,
				85C1F7F8195583E8000A0D17 /* BlePeripheral.m in Sources */,
				85C1F7EA19558139000A0D17 /* FinderStatusViewController.m in Sources */,
				85C1F7E919558139000A0D17 /* FinderMapViewController.m in Sources */,
				85C1F7F5195583B6000A0D17 /* BleManager.m in Sources */,
				85C1F7B319558000000A0D17 /* DataManager.m in Sources */,
				85C1F7E819558139000A0D17 /* FinderListViewController.m in Sources */,
				85C1F7BF1955809B000A0D17 /* LeveyPopListViewCell.m in Sources */,
				8509F8EA193A53E20021EC57 /* main.m in Sources */,
				85C1F7E419558139000A0D17 /* DeviceListTableViewController.m in Sources */,
				85C1F7C01955809B000A0D17 /* UIView+Toast.m in Sources */,
			);
			runOnlyForDeploymentPostprocessing = 0;
		};
		8509F8F7193A53E20021EC57 /* Sources */ = {
			isa = PBXSourcesBuildPhase;
			buildActionMask = 2147483647;
			files = (
				8509F909193A53E20021EC57 /* bwRangeTests.m in Sources */,
			);
			runOnlyForDeploymentPostprocessing = 0;
		};
/* End PBXSourcesBuildPhase section */

/* Begin PBXTargetDependency section */
		8509F901193A53E20021EC57 /* PBXTargetDependency */ = {
			isa = PBXTargetDependency;
			target = 8509F8D9193A53E20021EC57 /* bwRange */;
			targetProxy = 8509F900193A53E20021EC57 /* PBXContainerItemProxy */;
		};
/* End PBXTargetDependency section */

/* Begin PBXVariantGroup section */
		8509F8E6193A53E20021EC57 /* InfoPlist.strings */ = {
			isa = PBXVariantGroup;
			children = (
				8509F8E7193A53E20021EC57 /* en */,
			);
			name = InfoPlist.strings;
			sourceTree = "<group>";
		};
		8509F8EF193A53E20021EC57 /* Main.storyboard */ = {
			isa = PBXVariantGroup;
			children = (
				8509F8F0193A53E20021EC57 /* Base */,
			);
			name = Main.storyboard;
			sourceTree = "<group>";
		};
		8509F905193A53E20021EC57 /* InfoPlist.strings */ = {
			isa = PBXVariantGroup;
			children = (
				8509F906193A53E20021EC57 /* en */,
			);
			name = InfoPlist.strings;
			sourceTree = "<group>";
		};
		8533AD3F193E4C8500461C4A /* 3.5.storyboard */ = {
			isa = PBXVariantGroup;
			children = (
				8533AD40193E4C8500461C4A /* Base */,
			);
			name = 3.5.storyboard;
			sourceTree = "<group>";
		};
/* End PBXVariantGroup section */

/* Begin XCBuildConfiguration section */
		8509F90A193A53E20021EC57 /* Debug */ = {
			isa = XCBuildConfiguration;
			buildSettings = {
				ALWAYS_SEARCH_USER_PATHS = NO;
				CLANG_CXX_LANGUAGE_STANDARD = "gnu++0x";
				CLANG_CXX_LIBRARY = "libc++";
				CLANG_ENABLE_MODULES = YES;
				CLANG_ENABLE_OBJC_ARC = YES;
				CLANG_WARN_BOOL_CONVERSION = YES;
				CLANG_WARN_CONSTANT_CONVERSION = YES;
				CLANG_WARN_DIRECT_OBJC_ISA_USAGE = YES_ERROR;
				CLANG_WARN_EMPTY_BODY = YES;
				CLANG_WARN_ENUM_CONVERSION = YES;
				CLANG_WARN_INT_CONVERSION = YES;
				CLANG_WARN_OBJC_ROOT_CLASS = YES_ERROR;
				CLANG_WARN__DUPLICATE_METHOD_MATCH = YES;
				"CODE_SIGN_IDENTITY[sdk=iphoneos*]" = "iPhone Developer";
				COPY_PHASE_STRIP = NO;
				GCC_C_LANGUAGE_STANDARD = gnu99;
				GCC_DYNAMIC_NO_PIC = NO;
				GCC_OPTIMIZATION_LEVEL = 0;
				GCC_PREPROCESSOR_DEFINITIONS = (
					"DEBUG=1",
					"$(inherited)",
				);
				GCC_SYMBOLS_PRIVATE_EXTERN = NO;
				GCC_WARN_64_TO_32_BIT_CONVERSION = YES;
				GCC_WARN_ABOUT_RETURN_TYPE = YES_ERROR;
				GCC_WARN_UNDECLARED_SELECTOR = YES;
				GCC_WARN_UNINITIALIZED_AUTOS = YES_AGGRESSIVE;
				GCC_WARN_UNUSED_FUNCTION = YES;
				GCC_WARN_UNUSED_VARIABLE = YES;
				IPHONEOS_DEPLOYMENT_TARGET = 7.1;
				ONLY_ACTIVE_ARCH = YES;
				SDKROOT = iphoneos;
			};
			name = Debug;
		};
		8509F90B193A53E20021EC57 /* Release */ = {
			isa = XCBuildConfiguration;
			buildSettings = {
				ALWAYS_SEARCH_USER_PATHS = NO;
				CLANG_CXX_LANGUAGE_STANDARD = "gnu++0x";
				CLANG_CXX_LIBRARY = "libc++";
				CLANG_ENABLE_MODULES = YES;
				CLANG_ENABLE_OBJC_ARC = YES;
				CLANG_WARN_BOOL_CONVERSION = YES;
				CLANG_WARN_CONSTANT_CONVERSION = YES;
				CLANG_WARN_DIRECT_OBJC_ISA_USAGE = YES_ERROR;
				CLANG_WARN_EMPTY_BODY = YES;
				CLANG_WARN_ENUM_CONVERSION = YES;
				CLANG_WARN_INT_CONVERSION = YES;
				CLANG_WARN_OBJC_ROOT_CLASS = YES_ERROR;
				CLANG_WARN__DUPLICATE_METHOD_MATCH = YES;
				"CODE_SIGN_IDENTITY[sdk=iphoneos*]" = "iPhone Developer";
				COPY_PHASE_STRIP = YES;
				ENABLE_NS_ASSERTIONS = NO;
				GCC_C_LANGUAGE_STANDARD = gnu99;
				GCC_WARN_64_TO_32_BIT_CONVERSION = YES;
				GCC_WARN_ABOUT_RETURN_TYPE = YES_ERROR;
				GCC_WARN_UNDECLARED_SELECTOR = YES;
				GCC_WARN_UNINITIALIZED_AUTOS = YES_AGGRESSIVE;
				GCC_WARN_UNUSED_FUNCTION = YES;
				GCC_WARN_UNUSED_VARIABLE = YES;
				IPHONEOS_DEPLOYMENT_TARGET = 7.1;
				SDKROOT = iphoneos;
				VALIDATE_PRODUCT = YES;
			};
			name = Release;
		};
		8509F90D193A53E20021EC57 /* Debug */ = {
			isa = XCBuildConfiguration;
			buildSettings = {
				ASSETCATALOG_COMPILER_APPICON_NAME = AppIcon;
				ASSETCATALOG_COMPILER_LAUNCHIMAGE_NAME = LaunchImage;
				CODE_SIGN_IDENTITY = "iPhone Developer";
				"CODE_SIGN_IDENTITY[sdk=iphoneos*]" = "iPhone Developer";
				GCC_PRECOMPILE_PREFIX_HEADER = YES;
				GCC_PREFIX_HEADER = "bwRange/bwRange-Prefix.pch";
				INFOPLIST_FILE = "bwRange/bwRange-Info.plist";
				PRODUCT_NAME = "$(TARGET_NAME)";
				PROVISIONING_PROFILE = "";
				WRAPPER_EXTENSION = app;
			};
			name = Debug;
		};
		8509F90E193A53E20021EC57 /* Release */ = {
			isa = XCBuildConfiguration;
			buildSettings = {
				ASSETCATALOG_COMPILER_APPICON_NAME = AppIcon;
				ASSETCATALOG_COMPILER_LAUNCHIMAGE_NAME = LaunchImage;
				CODE_SIGN_IDENTITY = "iPhone Developer";
				"CODE_SIGN_IDENTITY[sdk=iphoneos*]" = "iPhone Developer";
				GCC_PRECOMPILE_PREFIX_HEADER = YES;
				GCC_PREFIX_HEADER = "bwRange/bwRange-Prefix.pch";
				INFOPLIST_FILE = "bwRange/bwRange-Info.plist";
				PRODUCT_NAME = "$(TARGET_NAME)";
				PROVISIONING_PROFILE = "";
				WRAPPER_EXTENSION = app;
			};
			name = Release;
		};
		8509F910193A53E20021EC57 /* Debug */ = {
			isa = XCBuildConfiguration;
			buildSettings = {
				BUNDLE_LOADER = "$(BUILT_PRODUCTS_DIR)/bwRange.app/bwRange";
				FRAMEWORK_SEARCH_PATHS = (
					"$(SDKROOT)/Developer/Library/Frameworks",
					"$(inherited)",
					"$(DEVELOPER_FRAMEWORKS_DIR)",
				);
				GCC_PRECOMPILE_PREFIX_HEADER = YES;
				GCC_PREFIX_HEADER = "bwRange/bwRange-Prefix.pch";
				GCC_PREPROCESSOR_DEFINITIONS = (
					"DEBUG=1",
					"$(inherited)",
				);
				INFOPLIST_FILE = "bwRangeTests/bwRangeTests-Info.plist";
				PRODUCT_NAME = "$(TARGET_NAME)";
				TEST_HOST = "$(BUNDLE_LOADER)";
				WRAPPER_EXTENSION = xctest;
			};
			name = Debug;
		};
		8509F911193A53E20021EC57 /* Release */ = {
			isa = XCBuildConfiguration;
			buildSettings = {
				BUNDLE_LOADER = "$(BUILT_PRODUCTS_DIR)/bwRange.app/bwRange";
				FRAMEWORK_SEARCH_PATHS = (
					"$(SDKROOT)/Developer/Library/Frameworks",
					"$(inherited)",
					"$(DEVELOPER_FRAMEWORKS_DIR)",
				);
				GCC_PRECOMPILE_PREFIX_HEADER = YES;
				GCC_PREFIX_HEADER = "bwRange/bwRange-Prefix.pch";
				INFOPLIST_FILE = "bwRangeTests/bwRangeTests-Info.plist";
				PRODUCT_NAME = "$(TARGET_NAME)";
				TEST_HOST = "$(BUNDLE_LOADER)";
				WRAPPER_EXTENSION = xctest;
			};
			name = Release;
		};
/* End XCBuildConfiguration section */

/* Begin XCConfigurationList section */
		8509F8D5193A53E20021EC57 /* Build configuration list for PBXProject "bwRange" */ = {
			isa = XCConfigurationList;
			buildConfigurations = (
				8509F90A193A53E20021EC57 /* Debug */,
				8509F90B193A53E20021EC57 /* Release */,
			);
			defaultConfigurationIsVisible = 0;
			defaultConfigurationName = Release;
		};
		8509F90C193A53E20021EC57 /* Build configuration list for PBXNativeTarget "bwRange" */ = {
			isa = XCConfigurationList;
			buildConfigurations = (
				8509F90D193A53E20021EC57 /* Debug */,
				8509F90E193A53E20021EC57 /* Release */,
			);
			defaultConfigurationIsVisible = 0;
			defaultConfigurationName = Release;
		};
		8509F90F193A53E20021EC57 /* Build configuration list for PBXNativeTarget "bwRangeTests" */ = {
			isa = XCConfigurationList;
			buildConfigurations = (
				8509F910193A53E20021EC57 /* Debug */,
				8509F911193A53E20021EC57 /* Release */,
			);
			defaultConfigurationIsVisible = 0;
			defaultConfigurationName = Release;
		};
/* End XCConfigurationList section */
	};
	rootObject = 8509F8D2193A53E20021EC57 /* Project object */;
}
